
Microsoft Visual Studio Solution File, Format Version 12.00
# Visual Studio 15
Project("{FAE04EC0-301F-11D3-BF4B-00C04F79EFBC}") = "Assembly-CSharp", "Assembly-CSharp.csproj", "{50B74215-B082-2EEF-7335-FDD26440FF84}"
EndProject
Project("{FAE04EC0-301F-11D3-BF4B-00C04F79EFBC}") = "PhotonUnityNetworking.Utilities", "PhotonUnityNetworking.Utilities.csproj", "{42AFA81D-77BE-573F-2A43-9F0E5361AAFA}"
EndProject
Project("{FAE04EC0-301F-11D3-BF4B-00C04F79EFBC}") = "PhotonChat", "PhotonChat.csproj", "{CF7765C6-B99F-57E8-7A03-E27151659573}"
EndProject
Project("{FAE04EC0-301F-11D3-BF4B-00C04F79EFBC}") = "PhotonUnityNetworking", "PhotonUnityNetworking.csproj", "{6844A7BA-E216-3018-3884-3ACFE79A70D2}"
EndProject
Project("{FAE04EC0-301F-11D3-BF4B-00C04F79EFBC}") = "PhotonRealtime", "PhotonRealtime.csproj", "{B8A38EC9-4865-DB3A-04A6-AF28F8192B8D}"
EndProject
Project("{FAE04EC0-301F-11D3-BF4B-00C04F79EFBC}") = "PhotonWebSocket", "PhotonWebSocket.csproj", "{0A0EDEFD-E1A2-641F-628F-7EE5D84F3890}"
EndProject
Project("{FAE04EC0-301F-11D3-BF4B-00C04F79EFBC}") = "PhotonUnityNetworking.Editor", "PhotonUnityNetworking.Editor.csproj", "{AA91FDD6-18C2-769D-4B1B-397533676661}"
EndProject
Project("{FAE04EC0-301F-11D3-BF4B-00C04F79EFBC}") = "Assembly-CSharp-Editor", "Assembly-CSharp-Editor.csproj", "{757321F2-5C82-B9E4-8162-A0BD688DAA07}"
EndProject
Project("{FAE04EC0-301F-11D3-BF4B-00C04F79EFBC}") = "PhotonUnityNetworking.Utilities.PhotonPlayer.Editor", "PhotonUnityNetworking.Utilities.PhotonPlayer.Editor.csproj", "{97AFF74A-4520-23CC-CEE2-A4232E98BC25}"
EndProject
Project("{FAE04EC0-301F-11D3-BF4B-00C04F79EFBC}") = "PhotonUnityNetworking.Utilities.Culling.Editor", "PhotonUnityNetworking.Utilities.Culling.Editor.csproj", "{86BB192C-E419-5B8C-EC13-B39E466A0CA1}"
EndProject
Global
	GlobalSection(SolutionConfigurationPlatforms) = preSolution
		Debug|Any CPU = Debug|Any CPU
		Release|Any CPU = Release|Any CPU
	EndGlobalSection
	GlobalSection(ProjectConfigurationPlatforms) = postSolution
		{50B74215-B082-2EEF-7335-FDD26440FF84}.Debug|Any CPU.ActiveCfg = Debug|Any CPU
		{50B74215-B082-2EEF-7335-FDD26440FF84}.Debug|Any CPU.Build.0 = Debug|Any CPU
		{50B74215-B082-2EEF-7335-FDD26440FF84}.Release|Any CPU.ActiveCfg = Release|Any CPU
		{50B74215-B082-2EEF-7335-FDD26440FF84}.Release|Any CPU.Build.0 = Release|Any CPU
		{42AFA81D-77BE-573F-2A43-9F0E5361AAFA}.Debug|Any CPU.ActiveCfg = Debug|Any CPU
		{42AFA81D-77BE-573F-2A43-9F0E5361AAFA}.Debug|Any CPU.Build.0 = Debug|Any CPU
		{42AFA81D-77BE-573F-2A43-9F0E5361AAFA}.Release|Any CPU.ActiveCfg = Release|Any CPU
		{42AFA81D-77BE-573F-2A43-9F0E5361AAFA}.Release|Any CPU.Build.0 = Release|Any CPU
		{CF7765C6-B99F-57E8-7A03-E27151659573}.Debug|Any CPU.ActiveCfg = Debug|Any CPU
		{CF7765C6-B99F-57E8-7A03-E27151659573}.Debug|Any CPU.Build.0 = Debug|Any CPU
		{CF7765C6-B99F-57E8-7A03-E27151659573}.Release|Any CPU.ActiveCfg = Release|Any CPU
		{CF7765C6-B99F-57E8-7A03-E27151659573}.Release|Any CPU.Build.0 = Release|Any CPU
		{6844A7BA-E216-3018-3884-3ACFE79A70D2}.Debug|Any CPU.ActiveCfg = Debug|Any CPU
		{6844A7BA-E216-3018-3884-3ACFE79A70D2}.Debug|Any CPU.Build.0 = Debug|Any CPU
		{6844A7BA-E216-3018-3884-3ACFE79A70D2}.Release|Any CPU.ActiveCfg = Release|Any CPU
		{6844A7BA-E216-3018-3884-3ACFE79A70D2}.Release|Any CPU.Build.0 = Release|Any CPU
		{B8A38EC9-4865-DB3A-04A6-AF28F8192B8D}.Debug|Any CPU.ActiveCfg = Debug|Any CPU
		{B8A38EC9-4865-DB3A-04A6-AF28F8192B8D}.Debug|Any CPU.Build.0 = Debug|Any CPU
		{B8A38EC9-4865-DB3A-04A6-AF28F8192B8D}.Release|Any CPU.ActiveCfg = Release|Any CPU
		{B8A38EC9-4865-DB3A-04A6-AF28F8192B8D}.Release|Any CPU.Build.0 = Release|Any CPU
		{0A0EDEFD-E1A2-641F-628F-7EE5D84F3890}.Debug|Any CPU.ActiveCfg = Debug|Any CPU
		{0A0EDEFD-E1A2-641F-628F-7EE5D84F3890}.Debug|Any CPU.Build.0 = Debug|Any CPU
		{0A0EDEFD-E1A2-641F-628F-7EE5D84F3890}.Release|Any CPU.ActiveCfg = Release|Any CPU
		{0A0EDEFD-E1A2-641F-628F-7EE5D84F3890}.Release|Any CPU.Build.0 = Release|Any CPU
		{AA91FDD6-18C2-769D-4B1B-397533676661}.Debug|Any CPU.ActiveCfg = Debug|Any CPU
		{AA91FDD6-18C2-769D-4B1B-397533676661}.Debug|Any CPU.Build.0 = Debug|Any CPU
		{AA91FDD6-18C2-769D-4B1B-397533676661}.Release|Any CPU.ActiveCfg = Release|Any CPU
		{AA91FDD6-18C2-769D-4B1B-397533676661}.Release|Any CPU.Build.0 = Release|Any CPU
		{757321F2-5C82-B9E4-8162-A0BD688DAA07}.Debug|Any CPU.ActiveCfg = Debug|Any CPU
		{757321F2-5C82-B9E4-8162-A0BD688DAA07}.Debug|Any CPU.Build.0 = Debug|Any CPU
		{757321F2-5C82-B9E4-8162-A0BD688DAA07}.Release|Any CPU.ActiveCfg = Release|Any CPU
		{757321F2-5C82-B9E4-8162-A0BD688DAA07}.Release|Any CPU.Build.0 = Release|Any CPU
		{97AFF74A-4520-23CC-CEE2-A4232E98BC25}.Debug|Any CPU.ActiveCfg = Debug|Any CPU
		{97AFF74A-4520-23CC-CEE2-A4232E98BC25}.Debug|Any CPU.Build.0 = Debug|Any CPU
		{97AFF74A-4520-23CC-CEE2-A4232E98BC25}.Release|Any CPU.ActiveCfg = Release|Any CPU
		{97AFF74A-4520-23CC-CEE2-A4232E98BC25}.Release|Any CPU.Build.0 = Release|Any CPU
		{86BB192C-E419-5B8C-EC13-B39E466A0CA1}.Debug|Any CPU.ActiveCfg = Debug|Any CPU
		{86BB192C-E419-5B8C-EC13-B39E466A0CA1}.Debug|Any CPU.Build.0 = Debug|Any CPU
		{86BB192C-E419-5B8C-EC13-B39E466A0CA1}.Release|Any CPU.ActiveCfg = Release|Any CPU
		{86BB192C-E419-5B8C-EC13-B39E466A0CA1}.Release|Any CPU.Build.0 = Release|Any CPU
	EndGlobalSection
	GlobalSection(SolutionProperties) = preSolution
		HideSolutionNode = FALSE
	EndGlobalSection
EndGlobal
